
Microsoft Visual Studio Solution File, Format Version 12.00
# Visual Studio Version 16
VisualStudioVersion = 16.0.32510.428
MinimumVisualStudioVersion = 10.0.40219.1
Project("{9A19103F-16F7-4668-BE54-9A1E7A4F7556}") = "AccesoDatos", "AccesoDatos\AccesoDatos.csproj", "{1A562569-6721-4BED-A3E8-A902611530C9}"
EndProject
Project("{9A19103F-16F7-4668-BE54-9A1E7A4F7556}") = "Negocio", "Negocio\Negocio.csproj", "{8BE0E51A-7706-4DCB-8366-E176B6756068}"
EndProject
Project("{9A19103F-16F7-4668-BE54-9A1E7A4F7556}") = "Entidades", "Entidades\Entidades.csproj", "{37359BEE-133A-4F99-9131-0449B4147496}"
EndProject
Project("{FAE04EC0-301F-11D3-BF4B-00C04F79EFBC}") = "WebApi", "WebApi\WebApi.csproj", "{6D2476D2-0B96-4F69-B026-434CA0CEF3FC}"
EndProject
Global
	GlobalSection(SolutionConfigurationPlatforms) = preSolution
		Debug|Any CPU = Debug|Any CPU
		Release|Any CPU = Release|Any CPU
	EndGlobalSection
	GlobalSection(ProjectConfigurationPlatforms) = postSolution
		{1A562569-6721-4BED-A3E8-A902611530C9}.Debug|Any CPU.ActiveCfg = Debug|Any CPU
		{1A562569-6721-4BED-A3E8-A902611530C9}.Debug|Any CPU.Build.0 = Debug|Any CPU
		{1A562569-6721-4BED-A3E8-A902611530C9}.Release|Any CPU.ActiveCfg = Release|Any CPU
		{1A562569-6721-4BED-A3E8-A902611530C9}.Release|Any CPU.Build.0 = Release|Any CPU
		{8BE0E51A-7706-4DCB-8366-E176B6756068}.Debug|Any CPU.ActiveCfg = Debug|Any CPU
		{8BE0E51A-7706-4DCB-8366-E176B6756068}.Debug|Any CPU.Build.0 = Debug|Any CPU
		{8BE0E51A-7706-4DCB-8366-E176B6756068}.Release|Any CPU.ActiveCfg = Release|Any CPU
		{8BE0E51A-7706-4DCB-8366-E176B6756068}.Release|Any CPU.Build.0 = Release|Any CPU
		{37359BEE-133A-4F99-9131-0449B4147496}.Debug|Any CPU.ActiveCfg = Debug|Any CPU
		{37359BEE-133A-4F99-9131-0449B4147496}.Debug|Any CPU.Build.0 = Debug|Any CPU
		{37359BEE-133A-4F99-9131-0449B4147496}.Release|Any CPU.ActiveCfg = Release|Any CPU
		{37359BEE-133A-4F99-9131-0449B4147496}.Release|Any CPU.Build.0 = Release|Any CPU
		{6D2476D2-0B96-4F69-B026-434CA0CEF3FC}.Debug|Any CPU.ActiveCfg = Debug|Any CPU
		{6D2476D2-0B96-4F69-B026-434CA0CEF3FC}.Debug|Any CPU.Build.0 = Debug|Any CPU
		{6D2476D2-0B96-4F69-B026-434CA0CEF3FC}.Release|Any CPU.ActiveCfg = Release|Any CPU
		{6D2476D2-0B96-4F69-B026-434CA0CEF3FC}.Release|Any CPU.Build.0 = Release|Any CPU
	EndGlobalSection
	GlobalSection(SolutionProperties) = preSolution
		HideSolutionNode = FALSE
	EndGlobalSection
	GlobalSection(ExtensibilityGlobals) = postSolution
		SolutionGuid = {C7366184-6748-4DED-8ABA-38345DE9BD91}
	EndGlobalSection
EndGlobal
